
Microsoft Visual Studio Solution File, Format Version 12.00
# Visual Studio Version 17
VisualStudioVersion = 17.8.34330.188
MinimumVisualStudioVersion = 10.0.40219.1
Project("{2150E333-8FDC-42A3-9474-1A3956D46DE8}") = "src", "src", "{DBD41598-5F74-4D0F-B371-D9E920A8EDE2}"
EndProject
Project("{2150E333-8FDC-42A3-9474-1A3956D46DE8}") = "Algorithms", "Algorithms", "{84ED22DA-193C-4FD2-8270-C664855C9DDC}"
EndProject
Project("{9A19103F-16F7-4668-BE54-9A1E7A4F7556}") = "MorganStrings", "src\Algorithms\MorganStrings\MorganStrings.csproj", "{D64D9DA3-55A7-40CE-A149-B19FDD660BCB}"
EndProject
Project("{9A19103F-16F7-4668-BE54-9A1E7A4F7556}") = "DegreesOfArray", "DegreesOfArray\DegreesOfArray.csproj", "{39ED7FAC-4C98-4168-B6A1-9DED41644568}"
EndProject
Project("{9A19103F-16F7-4668-BE54-9A1E7A4F7556}") = "CssProjects", "CssProjects\CssProjects.csproj", "{D9647856-9DBF-4AB7-9388-150174BAF13D}"
EndProject
Project("{9A19103F-16F7-4668-BE54-9A1E7A4F7556}") = "Subsequence", "Subsequence\Subsequence.csproj", "{2616685D-415E-4FD6-BAC7-255A5B0F94D3}"
EndProject
Project("{2150E333-8FDC-42A3-9474-1A3956D46DE8}") = "EntityFramework", "EntityFramework", "{D0F5D432-B1FB-43FC-BC76-A10DD6AF9C55}"
EndProject
Project("{9A19103F-16F7-4668-BE54-9A1E7A4F7556}") = "University", "ConsoleApp1\University.csproj", "{FD5655AC-E72B-4E1C-9C07-96564C39D8DF}"
EndProject
Project("{9A19103F-16F7-4668-BE54-9A1E7A4F7556}") = "TreeDecrements", "TreeDecrements\TreeDecrements.csproj", "{913CA8E4-886C-426B-9965-EFE54894A7AC}"
EndProject
Project("{9A19103F-16F7-4668-BE54-9A1E7A4F7556}") = "DMS", "DMS\DMS.csproj", "{CA3133E6-834C-4FE4-9B94-0D28E676AF01}"
EndProject
Project("{9A19103F-16F7-4668-BE54-9A1E7A4F7556}") = "EFPerformance", "EFPerformance\EFPerformance.csproj", "{CCAD5E3E-4FB7-4218-99CA-A7B29B45C843}"
EndProject
Project("{FAE04EC0-301F-11D3-BF4B-00C04F79EFBC}") = "SuperMario", "SuperMario\SuperMario.csproj", "{16599D74-91E4-4CEC-B8FE-E5C5E6C15A0D}"
EndProject
Global
	GlobalSection(SolutionConfigurationPlatforms) = preSolution
		Debug|Any CPU = Debug|Any CPU
		Release|Any CPU = Release|Any CPU
	EndGlobalSection
	GlobalSection(ProjectConfigurationPlatforms) = postSolution
		{D64D9DA3-55A7-40CE-A149-B19FDD660BCB}.Debug|Any CPU.ActiveCfg = Debug|Any CPU
		{D64D9DA3-55A7-40CE-A149-B19FDD660BCB}.Debug|Any CPU.Build.0 = Debug|Any CPU
		{D64D9DA3-55A7-40CE-A149-B19FDD660BCB}.Release|Any CPU.ActiveCfg = Release|Any CPU
		{D64D9DA3-55A7-40CE-A149-B19FDD660BCB}.Release|Any CPU.Build.0 = Release|Any CPU
		{39ED7FAC-4C98-4168-B6A1-9DED41644568}.Debug|Any CPU.ActiveCfg = Debug|Any CPU
		{39ED7FAC-4C98-4168-B6A1-9DED41644568}.Debug|Any CPU.Build.0 = Debug|Any CPU
		{39ED7FAC-4C98-4168-B6A1-9DED41644568}.Release|Any CPU.ActiveCfg = Release|Any CPU
		{39ED7FAC-4C98-4168-B6A1-9DED41644568}.Release|Any CPU.Build.0 = Release|Any CPU
		{D9647856-9DBF-4AB7-9388-150174BAF13D}.Debug|Any CPU.ActiveCfg = Debug|Any CPU
		{D9647856-9DBF-4AB7-9388-150174BAF13D}.Debug|Any CPU.Build.0 = Debug|Any CPU
		{D9647856-9DBF-4AB7-9388-150174BAF13D}.Release|Any CPU.ActiveCfg = Release|Any CPU
		{D9647856-9DBF-4AB7-9388-150174BAF13D}.Release|Any CPU.Build.0 = Release|Any CPU
		{2616685D-415E-4FD6-BAC7-255A5B0F94D3}.Debug|Any CPU.ActiveCfg = Debug|Any CPU
		{2616685D-415E-4FD6-BAC7-255A5B0F94D3}.Debug|Any CPU.Build.0 = Debug|Any CPU
		{2616685D-415E-4FD6-BAC7-255A5B0F94D3}.Release|Any CPU.ActiveCfg = Release|Any CPU
		{2616685D-415E-4FD6-BAC7-255A5B0F94D3}.Release|Any CPU.Build.0 = Release|Any CPU
		{FD5655AC-E72B-4E1C-9C07-96564C39D8DF}.Debug|Any CPU.ActiveCfg = Debug|Any CPU
		{FD5655AC-E72B-4E1C-9C07-96564C39D8DF}.Debug|Any CPU.Build.0 = Debug|Any CPU
		{FD5655AC-E72B-4E1C-9C07-96564C39D8DF}.Release|Any CPU.ActiveCfg = Release|Any CPU
		{FD5655AC-E72B-4E1C-9C07-96564C39D8DF}.Release|Any CPU.Build.0 = Release|Any CPU
		{913CA8E4-886C-426B-9965-EFE54894A7AC}.Debug|Any CPU.ActiveCfg = Debug|Any CPU
		{913CA8E4-886C-426B-9965-EFE54894A7AC}.Debug|Any CPU.Build.0 = Debug|Any CPU
		{913CA8E4-886C-426B-9965-EFE54894A7AC}.Release|Any CPU.ActiveCfg = Release|Any CPU
		{913CA8E4-886C-426B-9965-EFE54894A7AC}.Release|Any CPU.Build.0 = Release|Any CPU
		{CA3133E6-834C-4FE4-9B94-0D28E676AF01}.Debug|Any CPU.ActiveCfg = Debug|Any CPU
		{CA3133E6-834C-4FE4-9B94-0D28E676AF01}.Debug|Any CPU.Build.0 = Debug|Any CPU
		{CA3133E6-834C-4FE4-9B94-0D28E676AF01}.Release|Any CPU.ActiveCfg = Release|Any CPU
		{CA3133E6-834C-4FE4-9B94-0D28E676AF01}.Release|Any CPU.Build.0 = Release|Any CPU
		{CCAD5E3E-4FB7-4218-99CA-A7B29B45C843}.Debug|Any CPU.ActiveCfg = Debug|Any CPU
		{CCAD5E3E-4FB7-4218-99CA-A7B29B45C843}.Debug|Any CPU.Build.0 = Debug|Any CPU
		{CCAD5E3E-4FB7-4218-99CA-A7B29B45C843}.Release|Any CPU.ActiveCfg = Release|Any CPU
		{CCAD5E3E-4FB7-4218-99CA-A7B29B45C843}.Release|Any CPU.Build.0 = Release|Any CPU
		{16599D74-91E4-4CEC-B8FE-E5C5E6C15A0D}.Debug|Any CPU.ActiveCfg = Debug|Any CPU
		{16599D74-91E4-4CEC-B8FE-E5C5E6C15A0D}.Debug|Any CPU.Build.0 = Debug|Any CPU
		{16599D74-91E4-4CEC-B8FE-E5C5E6C15A0D}.Release|Any CPU.ActiveCfg = Release|Any CPU
		{16599D74-91E4-4CEC-B8FE-E5C5E6C15A0D}.Release|Any CPU.Build.0 = Release|Any CPU
	EndGlobalSection
	GlobalSection(SolutionProperties) = preSolution
		HideSolutionNode = FALSE
	EndGlobalSection
	GlobalSection(NestedProjects) = preSolution
		{84ED22DA-193C-4FD2-8270-C664855C9DDC} = {DBD41598-5F74-4D0F-B371-D9E920A8EDE2}
		{D64D9DA3-55A7-40CE-A149-B19FDD660BCB} = {84ED22DA-193C-4FD2-8270-C664855C9DDC}
		{39ED7FAC-4C98-4168-B6A1-9DED41644568} = {84ED22DA-193C-4FD2-8270-C664855C9DDC}
		{D9647856-9DBF-4AB7-9388-150174BAF13D} = {84ED22DA-193C-4FD2-8270-C664855C9DDC}
		{2616685D-415E-4FD6-BAC7-255A5B0F94D3} = {84ED22DA-193C-4FD2-8270-C664855C9DDC}
		{D0F5D432-B1FB-43FC-BC76-A10DD6AF9C55} = {DBD41598-5F74-4D0F-B371-D9E920A8EDE2}
		{FD5655AC-E72B-4E1C-9C07-96564C39D8DF} = {84ED22DA-193C-4FD2-8270-C664855C9DDC}
		{913CA8E4-886C-426B-9965-EFE54894A7AC} = {84ED22DA-193C-4FD2-8270-C664855C9DDC}
		{CA3133E6-834C-4FE4-9B94-0D28E676AF01} = {84ED22DA-193C-4FD2-8270-C664855C9DDC}
		{CCAD5E3E-4FB7-4218-99CA-A7B29B45C843} = {D0F5D432-B1FB-43FC-BC76-A10DD6AF9C55}
		{16599D74-91E4-4CEC-B8FE-E5C5E6C15A0D} = {84ED22DA-193C-4FD2-8270-C664855C9DDC}
	EndGlobalSection
	GlobalSection(ExtensibilityGlobals) = postSolution
		SolutionGuid = {999321AE-12B4-4228-B0EA-0A5C7F554C15}
	EndGlobalSection
EndGlobal
