
Microsoft Visual Studio Solution File, Format Version 12.00
# Visual Studio Version 17
VisualStudioVersion = 17.8.34330.188
MinimumVisualStudioVersion = 10.0.40219.1
Project("{2150E333-8FDC-42A3-9474-1A3956D46DE8}") = "src", "src", "{DBD41598-5F74-4D0F-B371-D9E920A8EDE2}"
EndProject
Project("{2150E333-8FDC-42A3-9474-1A3956D46DE8}") = "Algorithms", "Algorithms", "{84ED22DA-193C-4FD2-8270-C664855C9DDC}"
EndProject
Project("{FAE04EC0-301F-11D3-BF4B-00C04F79EFBC}") = "MorganStrings", "src\Algorithms\MorganStrings\MorganStrings.csproj", "{D64D9DA3-55A7-40CE-A149-B19FDD660BCB}"
EndProject
Global
	GlobalSection(SolutionConfigurationPlatforms) = preSolution
		Debug|Any CPU = Debug|Any CPU
		Release|Any CPU = Release|Any CPU
	EndGlobalSection
	GlobalSection(ProjectConfigurationPlatforms) = postSolution
		{D64D9DA3-55A7-40CE-A149-B19FDD660BCB}.Debug|Any CPU.ActiveCfg = Debug|Any CPU
		{D64D9DA3-55A7-40CE-A149-B19FDD660BCB}.Debug|Any CPU.Build.0 = Debug|Any CPU
		{D64D9DA3-55A7-40CE-A149-B19FDD660BCB}.Release|Any CPU.ActiveCfg = Release|Any CPU
		{D64D9DA3-55A7-40CE-A149-B19FDD660BCB}.Release|Any CPU.Build.0 = Release|Any CPU
	EndGlobalSection
	GlobalSection(SolutionProperties) = preSolution
		HideSolutionNode = FALSE
	EndGlobalSection
	GlobalSection(NestedProjects) = preSolution
		{84ED22DA-193C-4FD2-8270-C664855C9DDC} = {DBD41598-5F74-4D0F-B371-D9E920A8EDE2}
		{D64D9DA3-55A7-40CE-A149-B19FDD660BCB} = {84ED22DA-193C-4FD2-8270-C664855C9DDC}
	EndGlobalSection
	GlobalSection(ExtensibilityGlobals) = postSolution
		SolutionGuid = {999321AE-12B4-4228-B0EA-0A5C7F554C15}
	EndGlobalSection
EndGlobal
